PODS:
  - Masonry (1.0.2)
  - TMPlayer (0.0.1):
    - Masonry

DEPENDENCIES:
  - TMPlayer (from `../`)

EXTERNAL SOURCES:
  TMPlayer:
    :path: ../

SPEC CHECKSUMS:
  Masonry: 7c429b56da9d4ee0bbb3ed77a5ea710d6a5df39e
  TMPlayer: f3a715716702937bdb86c495d15e5132d6aa26d4

PODFILE CHECKSUM: d233352956c1eac7bda136ac324baabddec55477

COCOAPODS: 1.2.1
